
Microsoft Visual Studio Solution File, Format Version 12.00
# Visual Studio Version 17
VisualStudioVersion = 17.9.34728.123
MinimumVisualStudioVersion = 10.0.40219.1
Project("{2150E333-8FDC-42A3-9474-1A3956D46DE8}") = "src", "src", "{C0770495-7952-43A8-803D-F678245DE9E2}"
EndProject
Project("{2150E333-8FDC-42A3-9474-1A3956D46DE8}") = "test", "test", "{610EB7E8-E0CA-4ADA-B68C-90E084A8230B}"
EndProject
Project("{9A19103F-16F7-4668-BE54-9A1E7A4F7556}") = "Thunders.Assignments.Api", "src\Thunders.Assignments.Api\Thunders.Assignments.Api.csproj", "{4EA81DA3-7B02-4971-9CA2-960E6451700A}"
EndProject
Project("{9A19103F-16F7-4668-BE54-9A1E7A4F7556}") = "Thunders.Assignments.Tests", "test\Thunders.Assignments.Tests\Thunders.Assignments.Tests.csproj", "{87DB6BA0-08D6-4D3A-B34D-599769791939}"
EndProject
Project("{9A19103F-16F7-4668-BE54-9A1E7A4F7556}") = "Thunders.Assignments.Domain", "src\Thunders.Assignments.Domain\Thunders.Assignments.Domain.csproj", "{63A2E04C-190F-4185-BF9B-2602F3D300ED}"
EndProject
Project("{9A19103F-16F7-4668-BE54-9A1E7A4F7556}") = "Thunders.Assignments.Application", "src\Thunders.Assignments.Application\Thunders.Assignments.Application.csproj", "{19A22746-2983-44A4-A2B6-026BAE34698B}"
EndProject
Project("{9A19103F-16F7-4668-BE54-9A1E7A4F7556}") = "Thunders.Assignments.Infrastructure", "src\Thunders.Assignments.Infrastructure\Thunders.Assignments.Infrastructure.csproj", "{BC0B9821-BEC2-487B-82FC-7FD03C6724BC}"
EndProject
Global
	GlobalSection(SolutionConfigurationPlatforms) = preSolution
		Debug|Any CPU = Debug|Any CPU
		Release|Any CPU = Release|Any CPU
	EndGlobalSection
	GlobalSection(ProjectConfigurationPlatforms) = postSolution
		{4EA81DA3-7B02-4971-9CA2-960E6451700A}.Debug|Any CPU.ActiveCfg = Debug|Any CPU
		{4EA81DA3-7B02-4971-9CA2-960E6451700A}.Debug|Any CPU.Build.0 = Debug|Any CPU
		{4EA81DA3-7B02-4971-9CA2-960E6451700A}.Release|Any CPU.ActiveCfg = Release|Any CPU
		{4EA81DA3-7B02-4971-9CA2-960E6451700A}.Release|Any CPU.Build.0 = Release|Any CPU
		{87DB6BA0-08D6-4D3A-B34D-599769791939}.Debug|Any CPU.ActiveCfg = Debug|Any CPU
		{87DB6BA0-08D6-4D3A-B34D-599769791939}.Debug|Any CPU.Build.0 = Debug|Any CPU
		{87DB6BA0-08D6-4D3A-B34D-599769791939}.Release|Any CPU.ActiveCfg = Release|Any CPU
		{87DB6BA0-08D6-4D3A-B34D-599769791939}.Release|Any CPU.Build.0 = Release|Any CPU
		{63A2E04C-190F-4185-BF9B-2602F3D300ED}.Debug|Any CPU.ActiveCfg = Debug|Any CPU
		{63A2E04C-190F-4185-BF9B-2602F3D300ED}.Debug|Any CPU.Build.0 = Debug|Any CPU
		{63A2E04C-190F-4185-BF9B-2602F3D300ED}.Release|Any CPU.ActiveCfg = Release|Any CPU
		{63A2E04C-190F-4185-BF9B-2602F3D300ED}.Release|Any CPU.Build.0 = Release|Any CPU
		{19A22746-2983-44A4-A2B6-026BAE34698B}.Debug|Any CPU.ActiveCfg = Debug|Any CPU
		{19A22746-2983-44A4-A2B6-026BAE34698B}.Debug|Any CPU.Build.0 = Debug|Any CPU
		{19A22746-2983-44A4-A2B6-026BAE34698B}.Release|Any CPU.ActiveCfg = Release|Any CPU
		{19A22746-2983-44A4-A2B6-026BAE34698B}.Release|Any CPU.Build.0 = Release|Any CPU
		{BC0B9821-BEC2-487B-82FC-7FD03C6724BC}.Debug|Any CPU.ActiveCfg = Debug|Any CPU
		{BC0B9821-BEC2-487B-82FC-7FD03C6724BC}.Debug|Any CPU.Build.0 = Debug|Any CPU
		{BC0B9821-BEC2-487B-82FC-7FD03C6724BC}.Release|Any CPU.ActiveCfg = Release|Any CPU
		{BC0B9821-BEC2-487B-82FC-7FD03C6724BC}.Release|Any CPU.Build.0 = Release|Any CPU
	EndGlobalSection
	GlobalSection(SolutionProperties) = preSolution
		HideSolutionNode = FALSE
	EndGlobalSection
	GlobalSection(NestedProjects) = preSolution
		{4EA81DA3-7B02-4971-9CA2-960E6451700A} = {C0770495-7952-43A8-803D-F678245DE9E2}
		{87DB6BA0-08D6-4D3A-B34D-599769791939} = {610EB7E8-E0CA-4ADA-B68C-90E084A8230B}
		{63A2E04C-190F-4185-BF9B-2602F3D300ED} = {C0770495-7952-43A8-803D-F678245DE9E2}
		{19A22746-2983-44A4-A2B6-026BAE34698B} = {C0770495-7952-43A8-803D-F678245DE9E2}
		{BC0B9821-BEC2-487B-82FC-7FD03C6724BC} = {C0770495-7952-43A8-803D-F678245DE9E2}
	EndGlobalSection
	GlobalSection(ExtensibilityGlobals) = postSolution
		SolutionGuid = {CDF5E73D-AB7D-40BB-A3E1-44B75880879C}
	EndGlobalSection
EndGlobal
